
Microsoft Visual Studio Solution File, Format Version 12.00
# Visual Studio 14
VisualStudioVersion = 14.0.23107.0
MinimumVisualStudioVersion = 10.0.40219.1
Project("{FAE04EC0-301F-11D3-BF4B-00C04F79EFBC}") = "GitterSharp.NetFramework", "GitterSharp.NetFramework\GitterSharp.NetFramework.csproj", "{2E309B2C-E725-4102-815A-D36193278921}"
EndProject
Project("{2150E333-8FDC-42A3-9474-1A3956D46DE8}") = "Core", "Core", "{063F959F-0BCF-4653-AFF4-6755FBC94EAC}"
EndProject
Project("{2150E333-8FDC-42A3-9474-1A3956D46DE8}") = "Front", "Front", "{D2E04D6F-CB68-4BE9-9B55-DDC37508C95E}"
EndProject
Project("{FAE04EC0-301F-11D3-BF4B-00C04F79EFBC}") = "GitterSharp.Configuration", "GitterSharp.Configuration\GitterSharp.Configuration.csproj", "{4F8DF090-7771-440B-9FE3-A5E874025A82}"
EndProject
Project("{FAE04EC0-301F-11D3-BF4B-00C04F79EFBC}") = "GitterSharp.Model", "GitterSharp.Model\GitterSharp.Model.csproj", "{10E8A4DA-FD99-4045-AB78-F586A2546072}"
EndProject
Project("{FAE04EC0-301F-11D3-BF4B-00C04F79EFBC}") = "GitterSharp.Services", "GitterSharp.Services\GitterSharp.Services.csproj", "{08FC7432-FA5C-415D-9DF6-DC018EE5DE26}"
EndProject
Project("{FAE04EC0-301F-11D3-BF4B-00C04F79EFBC}") = "GitterSharp.iOS", "GitterSharp.iOS\GitterSharp.iOS.csproj", "{BC3D5A3C-27A4-42E5-B707-FE2EA95B28E9}"
EndProject
Project("{FAE04EC0-301F-11D3-BF4B-00C04F79EFBC}") = "GitterSharp.Android", "GitterSharp.Android\GitterSharp.Android.csproj", "{5E07C52F-D846-43BE-9C04-B4CE2B62DC42}"
EndProject
Project("{FAE04EC0-301F-11D3-BF4B-00C04F79EFBC}") = "GitterSharp.Windows81", "GitterSharp.Windows81\GitterSharp.Windows81.csproj", "{EA645F90-53FD-4D51-B3DA-1E377973C96E}"
EndProject
Project("{FAE04EC0-301F-11D3-BF4B-00C04F79EFBC}") = "GitterSharp.WindowsPhone81", "GitterSharp.WindowsPhone81\GitterSharp.WindowsPhone81.csproj", "{7DF393A9-0145-43F5-8EA6-22D08A8012ED}"
EndProject
Project("{FAE04EC0-301F-11D3-BF4B-00C04F79EFBC}") = "GitterSharp.Helpers", "GitterSharp.Helpers\GitterSharp.Helpers.csproj", "{8149C911-95FE-4CB6-8935-876598EEC102}"
EndProject
Global
	GlobalSection(SolutionConfigurationPlatforms) = preSolution
		Debug|Any CPU = Debug|Any CPU
		Debug|ARM = Debug|ARM
		Debug|x64 = Debug|x64
		Debug|x86 = Debug|x86
		Release|Any CPU = Release|Any CPU
		Release|ARM = Release|ARM
		Release|x64 = Release|x64
		Release|x86 = Release|x86
	EndGlobalSection
	GlobalSection(ProjectConfigurationPlatforms) = postSolution
		{2E309B2C-E725-4102-815A-D36193278921}.Debug|Any CPU.ActiveCfg = Debug|Any CPU
		{2E309B2C-E725-4102-815A-D36193278921}.Debug|Any CPU.Build.0 = Debug|Any CPU
		{2E309B2C-E725-4102-815A-D36193278921}.Debug|ARM.ActiveCfg = Debug|Any CPU
		{2E309B2C-E725-4102-815A-D36193278921}.Debug|ARM.Build.0 = Debug|Any CPU
		{2E309B2C-E725-4102-815A-D36193278921}.Debug|x64.ActiveCfg = Debug|Any CPU
		{2E309B2C-E725-4102-815A-D36193278921}.Debug|x64.Build.0 = Debug|Any CPU
		{2E309B2C-E725-4102-815A-D36193278921}.Debug|x86.ActiveCfg = Debug|Any CPU
		{2E309B2C-E725-4102-815A-D36193278921}.Debug|x86.Build.0 = Debug|Any CPU
		{2E309B2C-E725-4102-815A-D36193278921}.Release|Any CPU.ActiveCfg = Release|Any CPU
		{2E309B2C-E725-4102-815A-D36193278921}.Release|Any CPU.Build.0 = Release|Any CPU
		{2E309B2C-E725-4102-815A-D36193278921}.Release|ARM.ActiveCfg = Release|Any CPU
		{2E309B2C-E725-4102-815A-D36193278921}.Release|ARM.Build.0 = Release|Any CPU
		{2E309B2C-E725-4102-815A-D36193278921}.Release|x64.ActiveCfg = Release|Any CPU
		{2E309B2C-E725-4102-815A-D36193278921}.Release|x64.Build.0 = Release|Any CPU
		{2E309B2C-E725-4102-815A-D36193278921}.Release|x86.ActiveCfg = Release|Any CPU
		{2E309B2C-E725-4102-815A-D36193278921}.Release|x86.Build.0 = Release|Any CPU
		{4F8DF090-7771-440B-9FE3-A5E874025A82}.Debug|Any CPU.ActiveCfg = Debug|Any CPU
		{4F8DF090-7771-440B-9FE3-A5E874025A82}.Debug|Any CPU.Build.0 = Debug|Any CPU
		{4F8DF090-7771-440B-9FE3-A5E874025A82}.Debug|ARM.ActiveCfg = Debug|Any CPU
		{4F8DF090-7771-440B-9FE3-A5E874025A82}.Debug|ARM.Build.0 = Debug|Any CPU
		{4F8DF090-7771-440B-9FE3-A5E874025A82}.Debug|x64.ActiveCfg = Debug|Any CPU
		{4F8DF090-7771-440B-9FE3-A5E874025A82}.Debug|x64.Build.0 = Debug|Any CPU
		{4F8DF090-7771-440B-9FE3-A5E874025A82}.Debug|x86.ActiveCfg = Debug|Any CPU
		{4F8DF090-7771-440B-9FE3-A5E874025A82}.Debug|x86.Build.0 = Debug|Any CPU
		{4F8DF090-7771-440B-9FE3-A5E874025A82}.Release|Any CPU.ActiveCfg = Release|Any CPU
		{4F8DF090-7771-440B-9FE3-A5E874025A82}.Release|Any CPU.Build.0 = Release|Any CPU
		{4F8DF090-7771-440B-9FE3-A5E874025A82}.Release|ARM.ActiveCfg = Release|Any CPU
		{4F8DF090-7771-440B-9FE3-A5E874025A82}.Release|ARM.Build.0 = Release|Any CPU
		{4F8DF090-7771-440B-9FE3-A5E874025A82}.Release|x64.ActiveCfg = Release|Any CPU
		{4F8DF090-7771-440B-9FE3-A5E874025A82}.Release|x64.Build.0 = Release|Any CPU
		{4F8DF090-7771-440B-9FE3-A5E874025A82}.Release|x86.ActiveCfg = Release|Any CPU
		{4F8DF090-7771-440B-9FE3-A5E874025A82}.Release|x86.Build.0 = Release|Any CPU
		{10E8A4DA-FD99-4045-AB78-F586A2546072}.Debug|Any CPU.ActiveCfg = Debug|Any CPU
		{10E8A4DA-FD99-4045-AB78-F586A2546072}.Debug|Any CPU.Build.0 = Debug|Any CPU
		{10E8A4DA-FD99-4045-AB78-F586A2546072}.Debug|ARM.ActiveCfg = Debug|Any CPU
		{10E8A4DA-FD99-4045-AB78-F586A2546072}.Debug|ARM.Build.0 = Debug|Any CPU
		{10E8A4DA-FD99-4045-AB78-F586A2546072}.Debug|x64.ActiveCfg = Debug|Any CPU
		{10E8A4DA-FD99-4045-AB78-F586A2546072}.Debug|x64.Build.0 = Debug|Any CPU
		{10E8A4DA-FD99-4045-AB78-F586A2546072}.Debug|x86.ActiveCfg = Debug|Any CPU
		{10E8A4DA-FD99-4045-AB78-F586A2546072}.Debug|x86.Build.0 = Debug|Any CPU
		{10E8A4DA-FD99-4045-AB78-F586A2546072}.Release|Any CPU.ActiveCfg = Release|Any CPU
		{10E8A4DA-FD99-4045-AB78-F586A2546072}.Release|Any CPU.Build.0 = Release|Any CPU
		{10E8A4DA-FD99-4045-AB78-F586A2546072}.Release|ARM.ActiveCfg = Release|Any CPU
		{10E8A4DA-FD99-4045-AB78-F586A2546072}.Release|ARM.Build.0 = Release|Any CPU
		{10E8A4DA-FD99-4045-AB78-F586A2546072}.Release|x64.ActiveCfg = Release|Any CPU
		{10E8A4DA-FD99-4045-AB78-F586A2546072}.Release|x64.Build.0 = Release|Any CPU
		{10E8A4DA-FD99-4045-AB78-F586A2546072}.Release|x86.ActiveCfg = Release|Any CPU
		{10E8A4DA-FD99-4045-AB78-F586A2546072}.Release|x86.Build.0 = Release|Any CPU
		{08FC7432-FA5C-415D-9DF6-DC018EE5DE26}.Debug|Any CPU.ActiveCfg = Debug|Any CPU
		{08FC7432-FA5C-415D-9DF6-DC018EE5DE26}.Debug|Any CPU.Build.0 = Debug|Any CPU
		{08FC7432-FA5C-415D-9DF6-DC018EE5DE26}.Debug|ARM.ActiveCfg = Debug|Any CPU
		{08FC7432-FA5C-415D-9DF6-DC018EE5DE26}.Debug|ARM.Build.0 = Debug|Any CPU
		{08FC7432-FA5C-415D-9DF6-DC018EE5DE26}.Debug|x64.ActiveCfg = Debug|Any CPU
		{08FC7432-FA5C-415D-9DF6-DC018EE5DE26}.Debug|x64.Build.0 = Debug|Any CPU
		{08FC7432-FA5C-415D-9DF6-DC018EE5DE26}.Debug|x86.ActiveCfg = Debug|Any CPU
		{08FC7432-FA5C-415D-9DF6-DC018EE5DE26}.Debug|x86.Build.0 = Debug|Any CPU
		{08FC7432-FA5C-415D-9DF6-DC018EE5DE26}.Release|Any CPU.ActiveCfg = Release|Any CPU
		{08FC7432-FA5C-415D-9DF6-DC018EE5DE26}.Release|Any CPU.Build.0 = Release|Any CPU
		{08FC7432-FA5C-415D-9DF6-DC018EE5DE26}.Release|ARM.ActiveCfg = Release|Any CPU
		{08FC7432-FA5C-415D-9DF6-DC018EE5DE26}.Release|ARM.Build.0 = Release|Any CPU
		{08FC7432-FA5C-415D-9DF6-DC018EE5DE26}.Release|x64.ActiveCfg = Release|Any CPU
		{08FC7432-FA5C-415D-9DF6-DC018EE5DE26}.Release|x64.Build.0 = Release|Any CPU
		{08FC7432-FA5C-415D-9DF6-DC018EE5DE26}.Release|x86.ActiveCfg = Release|Any CPU
		{08FC7432-FA5C-415D-9DF6-DC018EE5DE26}.Release|x86.Build.0 = Release|Any CPU
		{BC3D5A3C-27A4-42E5-B707-FE2EA95B28E9}.Debug|Any CPU.ActiveCfg = Debug|Any CPU
		{BC3D5A3C-27A4-42E5-B707-FE2EA95B28E9}.Debug|Any CPU.Build.0 = Debug|Any CPU
		{BC3D5A3C-27A4-42E5-B707-FE2EA95B28E9}.Debug|ARM.ActiveCfg = Debug|Any CPU
		{BC3D5A3C-27A4-42E5-B707-FE2EA95B28E9}.Debug|ARM.Build.0 = Debug|Any CPU
		{BC3D5A3C-27A4-42E5-B707-FE2EA95B28E9}.Debug|x64.ActiveCfg = Debug|Any CPU
		{BC3D5A3C-27A4-42E5-B707-FE2EA95B28E9}.Debug|x64.Build.0 = Debug|Any CPU
		{BC3D5A3C-27A4-42E5-B707-FE2EA95B28E9}.Debug|x86.ActiveCfg = Debug|Any CPU
		{BC3D5A3C-27A4-42E5-B707-FE2EA95B28E9}.Debug|x86.Build.0 = Debug|Any CPU
		{BC3D5A3C-27A4-42E5-B707-FE2EA95B28E9}.Release|Any CPU.ActiveCfg = Release|Any CPU
		{BC3D5A3C-27A4-42E5-B707-FE2EA95B28E9}.Release|Any CPU.Build.0 = Release|Any CPU
		{BC3D5A3C-27A4-42E5-B707-FE2EA95B28E9}.Release|ARM.ActiveCfg = Release|Any CPU
		{BC3D5A3C-27A4-42E5-B707-FE2EA95B28E9}.Release|ARM.Build.0 = Release|Any CPU
		{BC3D5A3C-27A4-42E5-B707-FE2EA95B28E9}.Release|x64.ActiveCfg = Release|Any CPU
		{BC3D5A3C-27A4-42E5-B707-FE2EA95B28E9}.Release|x64.Build.0 = Release|Any CPU
		{BC3D5A3C-27A4-42E5-B707-FE2EA95B28E9}.Release|x86.ActiveCfg = Release|Any CPU
		{BC3D5A3C-27A4-42E5-B707-FE2EA95B28E9}.Release|x86.Build.0 = Release|Any CPU
		{5E07C52F-D846-43BE-9C04-B4CE2B62DC42}.Debug|Any CPU.ActiveCfg = Debug|Any CPU
		{5E07C52F-D846-43BE-9C04-B4CE2B62DC42}.Debug|Any CPU.Build.0 = Debug|Any CPU
		{5E07C52F-D846-43BE-9C04-B4CE2B62DC42}.Debug|ARM.ActiveCfg = Debug|Any CPU
		{5E07C52F-D846-43BE-9C04-B4CE2B62DC42}.Debug|ARM.Build.0 = Debug|Any CPU
		{5E07C52F-D846-43BE-9C04-B4CE2B62DC42}.Debug|x64.ActiveCfg = Debug|Any CPU
		{5E07C52F-D846-43BE-9C04-B4CE2B62DC42}.Debug|x64.Build.0 = Debug|Any CPU
		{5E07C52F-D846-43BE-9C04-B4CE2B62DC42}.Debug|x86.ActiveCfg = Debug|Any CPU
		{5E07C52F-D846-43BE-9C04-B4CE2B62DC42}.Debug|x86.Build.0 = Debug|Any CPU
		{5E07C52F-D846-43BE-9C04-B4CE2B62DC42}.Release|Any CPU.ActiveCfg = Release|Any CPU
		{5E07C52F-D846-43BE-9C04-B4CE2B62DC42}.Release|Any CPU.Build.0 = Release|Any CPU
		{5E07C52F-D846-43BE-9C04-B4CE2B62DC42}.Release|ARM.ActiveCfg = Release|Any CPU
		{5E07C52F-D846-43BE-9C04-B4CE2B62DC42}.Release|ARM.Build.0 = Release|Any CPU
		{5E07C52F-D846-43BE-9C04-B4CE2B62DC42}.Release|x64.ActiveCfg = Release|Any CPU
		{5E07C52F-D846-43BE-9C04-B4CE2B62DC42}.Release|x64.Build.0 = Release|Any CPU
		{5E07C52F-D846-43BE-9C04-B4CE2B62DC42}.Release|x86.ActiveCfg = Release|Any CPU
		{5E07C52F-D846-43BE-9C04-B4CE2B62DC42}.Release|x86.Build.0 = Release|Any CPU
		{EA645F90-53FD-4D51-B3DA-1E377973C96E}.Debug|Any CPU.ActiveCfg = Debug|Any CPU
		{EA645F90-53FD-4D51-B3DA-1E377973C96E}.Debug|Any CPU.Build.0 = Debug|Any CPU
		{EA645F90-53FD-4D51-B3DA-1E377973C96E}.Debug|ARM.ActiveCfg = Debug|ARM
		{EA645F90-53FD-4D51-B3DA-1E377973C96E}.Debug|ARM.Build.0 = Debug|ARM
		{EA645F90-53FD-4D51-B3DA-1E377973C96E}.Debug|x64.ActiveCfg = Debug|x64
		{EA645F90-53FD-4D51-B3DA-1E377973C96E}.Debug|x64.Build.0 = Debug|x64
		{EA645F90-53FD-4D51-B3DA-1E377973C96E}.Debug|x86.ActiveCfg = Debug|x86
		{EA645F90-53FD-4D51-B3DA-1E377973C96E}.Debug|x86.Build.0 = Debug|x86
		{EA645F90-53FD-4D51-B3DA-1E377973C96E}.Release|Any CPU.ActiveCfg = Release|Any CPU
		{EA645F90-53FD-4D51-B3DA-1E377973C96E}.Release|Any CPU.Build.0 = Release|Any CPU
		{EA645F90-53FD-4D51-B3DA-1E377973C96E}.Release|ARM.ActiveCfg = Release|ARM
		{EA645F90-53FD-4D51-B3DA-1E377973C96E}.Release|ARM.Build.0 = Release|ARM
		{EA645F90-53FD-4D51-B3DA-1E377973C96E}.Release|x64.ActiveCfg = Release|x64
		{EA645F90-53FD-4D51-B3DA-1E377973C96E}.Release|x64.Build.0 = Release|x64
		{EA645F90-53FD-4D51-B3DA-1E377973C96E}.Release|x86.ActiveCfg = Release|x86
		{EA645F90-53FD-4D51-B3DA-1E377973C96E}.Release|x86.Build.0 = Release|x86
		{7DF393A9-0145-43F5-8EA6-22D08A8012ED}.Debug|Any CPU.ActiveCfg = Debug|Any CPU
		{7DF393A9-0145-43F5-8EA6-22D08A8012ED}.Debug|Any CPU.Build.0 = Debug|Any CPU
		{7DF393A9-0145-43F5-8EA6-22D08A8012ED}.Debug|ARM.ActiveCfg = Debug|ARM
		{7DF393A9-0145-43F5-8EA6-22D08A8012ED}.Debug|ARM.Build.0 = Debug|ARM
		{7DF393A9-0145-43F5-8EA6-22D08A8012ED}.Debug|x64.ActiveCfg = Debug|Any CPU
		{7DF393A9-0145-43F5-8EA6-22D08A8012ED}.Debug|x64.Build.0 = Debug|Any CPU
		{7DF393A9-0145-43F5-8EA6-22D08A8012ED}.Debug|x86.ActiveCfg = Debug|x86
		{7DF393A9-0145-43F5-8EA6-22D08A8012ED}.Debug|x86.Build.0 = Debug|x86
		{7DF393A9-0145-43F5-8EA6-22D08A8012ED}.Release|Any CPU.ActiveCfg = Release|Any CPU
		{7DF393A9-0145-43F5-8EA6-22D08A8012ED}.Release|Any CPU.Build.0 = Release|Any CPU
		{7DF393A9-0145-43F5-8EA6-22D08A8012ED}.Release|ARM.ActiveCfg = Release|ARM
		{7DF393A9-0145-43F5-8EA6-22D08A8012ED}.Release|ARM.Build.0 = Release|ARM
		{7DF393A9-0145-43F5-8EA6-22D08A8012ED}.Release|x64.ActiveCfg = Release|Any CPU
		{7DF393A9-0145-43F5-8EA6-22D08A8012ED}.Release|x64.Build.0 = Release|Any CPU
		{7DF393A9-0145-43F5-8EA6-22D08A8012ED}.Release|x86.ActiveCfg = Release|x86
		{7DF393A9-0145-43F5-8EA6-22D08A8012ED}.Release|x86.Build.0 = Release|x86
		{8149C911-95FE-4CB6-8935-876598EEC102}.Debug|Any CPU.ActiveCfg = Debug|Any CPU
		{8149C911-95FE-4CB6-8935-876598EEC102}.Debug|Any CPU.Build.0 = Debug|Any CPU
		{8149C911-95FE-4CB6-8935-876598EEC102}.Debug|ARM.ActiveCfg = Debug|Any CPU
		{8149C911-95FE-4CB6-8935-876598EEC102}.Debug|ARM.Build.0 = Debug|Any CPU
		{8149C911-95FE-4CB6-8935-876598EEC102}.Debug|x64.ActiveCfg = Debug|Any CPU
		{8149C911-95FE-4CB6-8935-876598EEC102}.Debug|x64.Build.0 = Debug|Any CPU
		{8149C911-95FE-4CB6-8935-876598EEC102}.Debug|x86.ActiveCfg = Debug|Any CPU
		{8149C911-95FE-4CB6-8935-876598EEC102}.Debug|x86.Build.0 = Debug|Any CPU
		{8149C911-95FE-4CB6-8935-876598EEC102}.Release|Any CPU.ActiveCfg = Release|Any CPU
		{8149C911-95FE-4CB6-8935-876598EEC102}.Release|Any CPU.Build.0 = Release|Any CPU
		{8149C911-95FE-4CB6-8935-876598EEC102}.Release|ARM.ActiveCfg = Release|Any CPU
		{8149C911-95FE-4CB6-8935-876598EEC102}.Release|ARM.Build.0 = Release|Any CPU
		{8149C911-95FE-4CB6-8935-876598EEC102}.Release|x64.ActiveCfg = Release|Any CPU
		{8149C911-95FE-4CB6-8935-876598EEC102}.Release|x64.Build.0 = Release|Any CPU
		{8149C911-95FE-4CB6-8935-876598EEC102}.Release|x86.ActiveCfg = Release|Any CPU
		{8149C911-95FE-4CB6-8935-876598EEC102}.Release|x86.Build.0 = Release|Any CPU
	EndGlobalSection
	GlobalSection(SolutionProperties) = preSolution
		HideSolutionNode = FALSE
	EndGlobalSection
	GlobalSection(NestedProjects) = preSolution
		{2E309B2C-E725-4102-815A-D36193278921} = {D2E04D6F-CB68-4BE9-9B55-DDC37508C95E}
		{4F8DF090-7771-440B-9FE3-A5E874025A82} = {063F959F-0BCF-4653-AFF4-6755FBC94EAC}
		{10E8A4DA-FD99-4045-AB78-F586A2546072} = {063F959F-0BCF-4653-AFF4-6755FBC94EAC}
		{08FC7432-FA5C-415D-9DF6-DC018EE5DE26} = {063F959F-0BCF-4653-AFF4-6755FBC94EAC}
		{BC3D5A3C-27A4-42E5-B707-FE2EA95B28E9} = {D2E04D6F-CB68-4BE9-9B55-DDC37508C95E}
		{5E07C52F-D846-43BE-9C04-B4CE2B62DC42} = {D2E04D6F-CB68-4BE9-9B55-DDC37508C95E}
		{EA645F90-53FD-4D51-B3DA-1E377973C96E} = {D2E04D6F-CB68-4BE9-9B55-DDC37508C95E}
		{7DF393A9-0145-43F5-8EA6-22D08A8012ED} = {D2E04D6F-CB68-4BE9-9B55-DDC37508C95E}
		{8149C911-95FE-4CB6-8935-876598EEC102} = {063F959F-0BCF-4653-AFF4-6755FBC94EAC}
	EndGlobalSection
EndGlobal
